
Microsoft Visual Studio Solution File, Format Version 12.00
# Visual Studio Version 16
VisualStudioVersion = 16.0.30804.86
MinimumVisualStudioVersion = 10.0.40219.1
Project("{2150E333-8FDC-42A3-9474-1A3956D46DE8}") = "src", "src", "{476C6CD0-3E85-4B1A-9B43-B01D304ABFC0}"
EndProject
Project("{9A19103F-16F7-4668-BE54-9A1E7A4F7556}") = "OSECore", "src\OSECore\OSECore.csproj", "{3B11D33E-BEA9-4263-B67D-2AED0ECDAE1A}"
EndProject
Project("{2150E333-8FDC-42A3-9474-1A3956D46DE8}") = "root", "root", "{5C86120E-ACDA-4E8C-85CE-3E714724D2AA}"
	ProjectSection(SolutionItems) = preProject
		.gitattributes = .gitattributes
		.gitignore = .gitignore
		build.cake = build.cake
		build.cmd = build.cmd
		build.ps1 = build.ps1
		build.sh = build.sh
		index.md = index.md
		LICENSE.md = LICENSE.md
		osecore.ico = osecore.ico
		README.md = README.md
	EndProjectSection
EndProject
Project("{2150E333-8FDC-42A3-9474-1A3956D46DE8}") = "test", "test", "{93E12EAF-F2EF-4C4B-B8F3-36854168078C}"
EndProject
Project("{2150E333-8FDC-42A3-9474-1A3956D46DE8}") = "sample", "sample", "{D9105D6E-1D39-474C-853E-99D99E6AC702}"
EndProject
Project("{9A19103F-16F7-4668-BE54-9A1E7A4F7556}") = "OSECoreSamples", "sample\OSECoreSamples\OSECoreSamples.csproj", "{D0543693-5BDD-4C40-99C3-7AF777933D8B}"
EndProject
Project("{2150E333-8FDC-42A3-9474-1A3956D46DE8}") = "doc", "doc", "{44E02327-F079-4540-A84E-AFE2ABF7FCF6}"
	ProjectSection(SolutionItems) = preProject
		doc\docfx.json = doc\docfx.json
		doc\index.md = doc\index.md
		doc\toc.yml = doc\toc.yml
	EndProjectSection
EndProject
Project("{2150E333-8FDC-42A3-9474-1A3956D46DE8}") = "images", "images", "{3D63DD3A-3937-4E84-ACFF-D056C5F3F082}"
	ProjectSection(SolutionItems) = preProject
		doc\images\osecore.png = doc\images\osecore.png
	EndProjectSection
EndProject
Project("{2150E333-8FDC-42A3-9474-1A3956D46DE8}") = "articles", "articles", "{1B78B59B-2884-4952-AA2B-F2B5EBB1B397}"
	ProjectSection(SolutionItems) = preProject
		doc\articles\intro.md = doc\articles\intro.md
		doc\articles\toc.yml = doc\articles\toc.yml
	EndProjectSection
EndProject
Project("{2150E333-8FDC-42A3-9474-1A3956D46DE8}") = "api", "api", "{A715CF69-E6D7-48E6-A7A0-A3970E6FE87E}"
	ProjectSection(SolutionItems) = preProject
		doc\api\index.md = doc\api\index.md
	EndProjectSection
EndProject
Project("{9A19103F-16F7-4668-BE54-9A1E7A4F7556}") = "OSECoreUI", "src\OSECoreUI\OSECoreUI.csproj", "{3463454A-1BA9-4B1D-85FF-C5F85BADECE8}"
EndProject
Project("{9A19103F-16F7-4668-BE54-9A1E7A4F7556}") = "OSEUI.WPF", "src\OSEUI.WPF\OSEUI.WPF.csproj", "{BA5BEA67-DE1E-48A5-9441-C96ED93724EA}"
EndProject
Project("{9A19103F-16F7-4668-BE54-9A1E7A4F7556}") = "OSECore.Test", "test\OSECore.Test\OSECore.Test.csproj", "{A3A41182-5164-4258-BD10-D19702C324FF}"
EndProject
Project("{9A19103F-16F7-4668-BE54-9A1E7A4F7556}") = "OSECoreUI.Test", "test\OSECoreUI.Test\OSECoreUI.Test.csproj", "{82AB1F65-C068-4FF5-AE19-F77C599976C9}"
EndProject
Project("{9A19103F-16F7-4668-BE54-9A1E7A4F7556}") = "OSEUI.WPF.Test", "test\OSEUI.WPF.Test\OSEUI.WPF.Test.csproj", "{178DCD5C-0261-44D6-9889-D3921B57CAA1}"
EndProject
Project("{9A19103F-16F7-4668-BE54-9A1E7A4F7556}") = "OSEUIControls.WPF", "src\OSEUIControls.WPF\OSEUIControls.WPF.csproj", "{9F2F7164-3B39-4DE6-8D61-9E4D1E446C93}"
EndProject
Project("{9A19103F-16F7-4668-BE54-9A1E7A4F7556}") = "OSEUIControls.WPF.Gallery", "sample\OSEUIControls.WPF.Gallery\OSEUIControls.WPF.Gallery.csproj", "{A4038FD3-072E-47CA-86D3-FFB1A9BC1D07}"
EndProject
Project("{9A19103F-16F7-4668-BE54-9A1E7A4F7556}") = "OSEUIForms.WPF", "src\OSEUIForms.WPF\OSEUIForms.WPF.csproj", "{4A69E888-0C76-4EEE-81F1-E7E50943F016}"
EndProject
Project("{9A19103F-16F7-4668-BE54-9A1E7A4F7556}") = "OSEUIDesktop.WPF.Sample", "sample\OSEUIDesktop.WPF.Sample\OSEUIDesktop.WPF.Sample.csproj", "{B7B4361A-5F34-45E5-A56E-9C324895F5CF}"
EndProject
Project("{9A19103F-16F7-4668-BE54-9A1E7A4F7556}") = "OSEExcelAdaptor.Test", "test\OSEExcelAdaptor.Test\OSEExcelAdaptor.Test.csproj", "{2C7D8D22-CE3A-44B8-9A00-6ECE4C9009BD}"
EndProject
Project("{9A19103F-16F7-4668-BE54-9A1E7A4F7556}") = "OSEConsole.Test", "test\OSEConsole.Test\OSEConsole.Test.csproj", "{9134156B-3902-4662-976E-F1AFF59E9737}"
EndProject
Project("{9A19103F-16F7-4668-BE54-9A1E7A4F7556}") = "OSEExcelAdaptor", "src\OSEExcelAdaptor\OSEExcelAdaptor.csproj", "{40215CA8-25E4-4647-BA65-2D56C881CE09}"
EndProject
Project("{9A19103F-16F7-4668-BE54-9A1E7A4F7556}") = "OSEConsole", "src\OSEConsole\OSEConsole.csproj", "{585E5AA2-7C32-4B52-8BC4-D84C5812B754}"
EndProject
Project("{9A19103F-16F7-4668-BE54-9A1E7A4F7556}") = "OSELogic", "src\OSELogic\OSELogic.csproj", "{7F72F4A7-5447-464F-86AF-0B8FBB6414FD}"
EndProject
Project("{9A19103F-16F7-4668-BE54-9A1E7A4F7556}") = "OSECore.Windows", "src\OSECore.Windows\OSECore.Windows.csproj", "{3C245FD0-50CB-48FE-BE75-1FE4552DF2CB}"
EndProject
Project("{FAE04EC0-301F-11D3-BF4B-00C04F79EFBC}") = "OSEInterpreter", "src\OSEInterpreter\OSEInterpreter.csproj", "{D81B6BEC-3B39-4A32-93A1-C2E4828B9885}"
EndProject
Global
	GlobalSection(SolutionConfigurationPlatforms) = preSolution
		Debug|Any CPU = Debug|Any CPU
		Release|Any CPU = Release|Any CPU
	EndGlobalSection
	GlobalSection(ProjectConfigurationPlatforms) = postSolution
		{3B11D33E-BEA9-4263-B67D-2AED0ECDAE1A}.Debug|Any CPU.ActiveCfg = Debug|Any CPU
		{3B11D33E-BEA9-4263-B67D-2AED0ECDAE1A}.Debug|Any CPU.Build.0 = Debug|Any CPU
		{3B11D33E-BEA9-4263-B67D-2AED0ECDAE1A}.Release|Any CPU.ActiveCfg = Release|Any CPU
		{3B11D33E-BEA9-4263-B67D-2AED0ECDAE1A}.Release|Any CPU.Build.0 = Release|Any CPU
		{D0543693-5BDD-4C40-99C3-7AF777933D8B}.Debug|Any CPU.ActiveCfg = Debug|Any CPU
		{D0543693-5BDD-4C40-99C3-7AF777933D8B}.Debug|Any CPU.Build.0 = Debug|Any CPU
		{D0543693-5BDD-4C40-99C3-7AF777933D8B}.Release|Any CPU.ActiveCfg = Release|Any CPU
		{D0543693-5BDD-4C40-99C3-7AF777933D8B}.Release|Any CPU.Build.0 = Release|Any CPU
		{3463454A-1BA9-4B1D-85FF-C5F85BADECE8}.Debug|Any CPU.ActiveCfg = Debug|Any CPU
		{3463454A-1BA9-4B1D-85FF-C5F85BADECE8}.Debug|Any CPU.Build.0 = Debug|Any CPU
		{3463454A-1BA9-4B1D-85FF-C5F85BADECE8}.Release|Any CPU.ActiveCfg = Release|Any CPU
		{3463454A-1BA9-4B1D-85FF-C5F85BADECE8}.Release|Any CPU.Build.0 = Release|Any CPU
		{BA5BEA67-DE1E-48A5-9441-C96ED93724EA}.Debug|Any CPU.ActiveCfg = Debug|Any CPU
		{BA5BEA67-DE1E-48A5-9441-C96ED93724EA}.Debug|Any CPU.Build.0 = Debug|Any CPU
		{BA5BEA67-DE1E-48A5-9441-C96ED93724EA}.Release|Any CPU.ActiveCfg = Release|Any CPU
		{BA5BEA67-DE1E-48A5-9441-C96ED93724EA}.Release|Any CPU.Build.0 = Release|Any CPU
		{A3A41182-5164-4258-BD10-D19702C324FF}.Debug|Any CPU.ActiveCfg = Debug|Any CPU
		{A3A41182-5164-4258-BD10-D19702C324FF}.Debug|Any CPU.Build.0 = Debug|Any CPU
		{A3A41182-5164-4258-BD10-D19702C324FF}.Release|Any CPU.ActiveCfg = Release|Any CPU
		{A3A41182-5164-4258-BD10-D19702C324FF}.Release|Any CPU.Build.0 = Release|Any CPU
		{82AB1F65-C068-4FF5-AE19-F77C599976C9}.Debug|Any CPU.ActiveCfg = Debug|Any CPU
		{82AB1F65-C068-4FF5-AE19-F77C599976C9}.Debug|Any CPU.Build.0 = Debug|Any CPU
		{82AB1F65-C068-4FF5-AE19-F77C599976C9}.Release|Any CPU.ActiveCfg = Release|Any CPU
		{82AB1F65-C068-4FF5-AE19-F77C599976C9}.Release|Any CPU.Build.0 = Release|Any CPU
		{178DCD5C-0261-44D6-9889-D3921B57CAA1}.Debug|Any CPU.ActiveCfg = Debug|Any CPU
		{178DCD5C-0261-44D6-9889-D3921B57CAA1}.Debug|Any CPU.Build.0 = Debug|Any CPU
		{178DCD5C-0261-44D6-9889-D3921B57CAA1}.Release|Any CPU.ActiveCfg = Release|Any CPU
		{178DCD5C-0261-44D6-9889-D3921B57CAA1}.Release|Any CPU.Build.0 = Release|Any CPU
		{9F2F7164-3B39-4DE6-8D61-9E4D1E446C93}.Debug|Any CPU.ActiveCfg = Debug|Any CPU
		{9F2F7164-3B39-4DE6-8D61-9E4D1E446C93}.Debug|Any CPU.Build.0 = Debug|Any CPU
		{9F2F7164-3B39-4DE6-8D61-9E4D1E446C93}.Release|Any CPU.ActiveCfg = Release|Any CPU
		{9F2F7164-3B39-4DE6-8D61-9E4D1E446C93}.Release|Any CPU.Build.0 = Release|Any CPU
		{A4038FD3-072E-47CA-86D3-FFB1A9BC1D07}.Debug|Any CPU.ActiveCfg = Debug|Any CPU
		{A4038FD3-072E-47CA-86D3-FFB1A9BC1D07}.Debug|Any CPU.Build.0 = Debug|Any CPU
		{A4038FD3-072E-47CA-86D3-FFB1A9BC1D07}.Release|Any CPU.ActiveCfg = Release|Any CPU
		{A4038FD3-072E-47CA-86D3-FFB1A9BC1D07}.Release|Any CPU.Build.0 = Release|Any CPU
		{4A69E888-0C76-4EEE-81F1-E7E50943F016}.Debug|Any CPU.ActiveCfg = Debug|Any CPU
		{4A69E888-0C76-4EEE-81F1-E7E50943F016}.Debug|Any CPU.Build.0 = Debug|Any CPU
		{4A69E888-0C76-4EEE-81F1-E7E50943F016}.Release|Any CPU.ActiveCfg = Release|Any CPU
		{4A69E888-0C76-4EEE-81F1-E7E50943F016}.Release|Any CPU.Build.0 = Release|Any CPU
		{B7B4361A-5F34-45E5-A56E-9C324895F5CF}.Debug|Any CPU.ActiveCfg = Debug|Any CPU
		{B7B4361A-5F34-45E5-A56E-9C324895F5CF}.Debug|Any CPU.Build.0 = Debug|Any CPU
		{B7B4361A-5F34-45E5-A56E-9C324895F5CF}.Release|Any CPU.ActiveCfg = Release|Any CPU
		{B7B4361A-5F34-45E5-A56E-9C324895F5CF}.Release|Any CPU.Build.0 = Release|Any CPU
		{2C7D8D22-CE3A-44B8-9A00-6ECE4C9009BD}.Debug|Any CPU.ActiveCfg = Debug|Any CPU
		{2C7D8D22-CE3A-44B8-9A00-6ECE4C9009BD}.Debug|Any CPU.Build.0 = Debug|Any CPU
		{2C7D8D22-CE3A-44B8-9A00-6ECE4C9009BD}.Release|Any CPU.ActiveCfg = Release|Any CPU
		{2C7D8D22-CE3A-44B8-9A00-6ECE4C9009BD}.Release|Any CPU.Build.0 = Release|Any CPU
		{9134156B-3902-4662-976E-F1AFF59E9737}.Debug|Any CPU.ActiveCfg = Debug|Any CPU
		{9134156B-3902-4662-976E-F1AFF59E9737}.Debug|Any CPU.Build.0 = Debug|Any CPU
		{9134156B-3902-4662-976E-F1AFF59E9737}.Release|Any CPU.ActiveCfg = Release|Any CPU
		{9134156B-3902-4662-976E-F1AFF59E9737}.Release|Any CPU.Build.0 = Release|Any CPU
		{40215CA8-25E4-4647-BA65-2D56C881CE09}.Debug|Any CPU.ActiveCfg = Debug|Any CPU
		{40215CA8-25E4-4647-BA65-2D56C881CE09}.Debug|Any CPU.Build.0 = Debug|Any CPU
		{40215CA8-25E4-4647-BA65-2D56C881CE09}.Release|Any CPU.ActiveCfg = Release|Any CPU
		{40215CA8-25E4-4647-BA65-2D56C881CE09}.Release|Any CPU.Build.0 = Release|Any CPU
		{585E5AA2-7C32-4B52-8BC4-D84C5812B754}.Debug|Any CPU.ActiveCfg = Debug|Any CPU
		{585E5AA2-7C32-4B52-8BC4-D84C5812B754}.Debug|Any CPU.Build.0 = Debug|Any CPU
		{585E5AA2-7C32-4B52-8BC4-D84C5812B754}.Release|Any CPU.ActiveCfg = Release|Any CPU
		{585E5AA2-7C32-4B52-8BC4-D84C5812B754}.Release|Any CPU.Build.0 = Release|Any CPU
		{7F72F4A7-5447-464F-86AF-0B8FBB6414FD}.Debug|Any CPU.ActiveCfg = Debug|Any CPU
		{7F72F4A7-5447-464F-86AF-0B8FBB6414FD}.Debug|Any CPU.Build.0 = Debug|Any CPU
		{7F72F4A7-5447-464F-86AF-0B8FBB6414FD}.Release|Any CPU.ActiveCfg = Release|Any CPU
		{7F72F4A7-5447-464F-86AF-0B8FBB6414FD}.Release|Any CPU.Build.0 = Release|Any CPU
		{3C245FD0-50CB-48FE-BE75-1FE4552DF2CB}.Debug|Any CPU.ActiveCfg = Debug|Any CPU
		{3C245FD0-50CB-48FE-BE75-1FE4552DF2CB}.Debug|Any CPU.Build.0 = Debug|Any CPU
		{3C245FD0-50CB-48FE-BE75-1FE4552DF2CB}.Release|Any CPU.ActiveCfg = Release|Any CPU
		{3C245FD0-50CB-48FE-BE75-1FE4552DF2CB}.Release|Any CPU.Build.0 = Release|Any CPU
		{D81B6BEC-3B39-4A32-93A1-C2E4828B9885}.Debug|Any CPU.ActiveCfg = Debug|Any CPU
		{D81B6BEC-3B39-4A32-93A1-C2E4828B9885}.Debug|Any CPU.Build.0 = Debug|Any CPU
		{D81B6BEC-3B39-4A32-93A1-C2E4828B9885}.Release|Any CPU.ActiveCfg = Release|Any CPU
		{D81B6BEC-3B39-4A32-93A1-C2E4828B9885}.Release|Any CPU.Build.0 = Release|Any CPU
	EndGlobalSection
	GlobalSection(SolutionProperties) = preSolution
		HideSolutionNode = FALSE
	EndGlobalSection
	GlobalSection(NestedProjects) = preSolution
		{3B11D33E-BEA9-4263-B67D-2AED0ECDAE1A} = {476C6CD0-3E85-4B1A-9B43-B01D304ABFC0}
		{D0543693-5BDD-4C40-99C3-7AF777933D8B} = {D9105D6E-1D39-474C-853E-99D99E6AC702}
		{3D63DD3A-3937-4E84-ACFF-D056C5F3F082} = {44E02327-F079-4540-A84E-AFE2ABF7FCF6}
		{1B78B59B-2884-4952-AA2B-F2B5EBB1B397} = {44E02327-F079-4540-A84E-AFE2ABF7FCF6}
		{A715CF69-E6D7-48E6-A7A0-A3970E6FE87E} = {44E02327-F079-4540-A84E-AFE2ABF7FCF6}
		{3463454A-1BA9-4B1D-85FF-C5F85BADECE8} = {476C6CD0-3E85-4B1A-9B43-B01D304ABFC0}
		{BA5BEA67-DE1E-48A5-9441-C96ED93724EA} = {476C6CD0-3E85-4B1A-9B43-B01D304ABFC0}
		{A3A41182-5164-4258-BD10-D19702C324FF} = {93E12EAF-F2EF-4C4B-B8F3-36854168078C}
		{82AB1F65-C068-4FF5-AE19-F77C599976C9} = {93E12EAF-F2EF-4C4B-B8F3-36854168078C}
		{178DCD5C-0261-44D6-9889-D3921B57CAA1} = {93E12EAF-F2EF-4C4B-B8F3-36854168078C}
		{9F2F7164-3B39-4DE6-8D61-9E4D1E446C93} = {476C6CD0-3E85-4B1A-9B43-B01D304ABFC0}
		{A4038FD3-072E-47CA-86D3-FFB1A9BC1D07} = {D9105D6E-1D39-474C-853E-99D99E6AC702}
		{4A69E888-0C76-4EEE-81F1-E7E50943F016} = {476C6CD0-3E85-4B1A-9B43-B01D304ABFC0}
		{B7B4361A-5F34-45E5-A56E-9C324895F5CF} = {D9105D6E-1D39-474C-853E-99D99E6AC702}
		{2C7D8D22-CE3A-44B8-9A00-6ECE4C9009BD} = {93E12EAF-F2EF-4C4B-B8F3-36854168078C}
		{9134156B-3902-4662-976E-F1AFF59E9737} = {93E12EAF-F2EF-4C4B-B8F3-36854168078C}
		{40215CA8-25E4-4647-BA65-2D56C881CE09} = {476C6CD0-3E85-4B1A-9B43-B01D304ABFC0}
		{585E5AA2-7C32-4B52-8BC4-D84C5812B754} = {476C6CD0-3E85-4B1A-9B43-B01D304ABFC0}
		{7F72F4A7-5447-464F-86AF-0B8FBB6414FD} = {476C6CD0-3E85-4B1A-9B43-B01D304ABFC0}
		{3C245FD0-50CB-48FE-BE75-1FE4552DF2CB} = {476C6CD0-3E85-4B1A-9B43-B01D304ABFC0}
		{D81B6BEC-3B39-4A32-93A1-C2E4828B9885} = {476C6CD0-3E85-4B1A-9B43-B01D304ABFC0}
	EndGlobalSection
	GlobalSection(ExtensibilityGlobals) = postSolution
		SolutionGuid = {39D62141-34E3-48E9-A5F5-CDAFDABD622B}
	EndGlobalSection
EndGlobal
